
Microsoft Visual Studio Solution File, Format Version 12.00
# Visual Studio Version 17
VisualStudioVersion = 17.0.32014.148
MinimumVisualStudioVersion = 10.0.40219.1
Project("{9A19103F-16F7-4668-BE54-9A1E7A4F7556}") = "WillsAutoBot.BTCMarket.Services", "WillsAutoBot.BTCMarkets.Services\WillsAutoBot.BTCMarket.Services.csproj", "{0E85131E-0C1F-4040-BFB8-00E08B76CC92}"
EndProject
Project("{9A19103F-16F7-4668-BE54-9A1E7A4F7556}") = "WillsAutoBot.Data", "WillsAutoBot.Data\WillsAutoBot.Data.csproj", "{AC62FEAE-9854-4467-A810-F9015CE5C2D0}"
EndProject
Project("{9A19103F-16F7-4668-BE54-9A1E7A4F7556}") = "WillsAutoBot.Services.Models", "WillsAutoBot.Services.Models\WillsAutoBot.Services.Models.csproj", "{54F569AE-955E-4355-B202-218B02ED0C69}"
EndProject
Project("{9A19103F-16F7-4668-BE54-9A1E7A4F7556}") = "WillsAutoBot.Utilities", "WillsAutoBot.Utilities\WillsAutoBot.Utilities.csproj", "{C40A2230-0140-49A8-9CF0-AFBA279CE606}"
EndProject
Project("{9A19103F-16F7-4668-BE54-9A1E7A4F7556}") = "WillsAutoBot.WebApi", "WillsAutoBot.WebApi\WillsAutoBot.WebApi.csproj", "{00CCE11D-173E-4686-8E46-B70319C99D00}"
EndProject
Project("{2150E333-8FDC-42A3-9474-1A3956D46DE8}") = "test", "test", "{4D0C2A46-E18E-483A-9691-F765C2E6F9A7}"
EndProject
Project("{9A19103F-16F7-4668-BE54-9A1E7A4F7556}") = "WillsAutoBot.Market.Function.Test", "test\WillsAutoBot.Market.Function.Test\WillsAutoBot.Market.Function.Test.csproj", "{B9AD8346-D25A-45C0-8CF9-333DA95BFFCF}"
EndProject
Project("{9A19103F-16F7-4668-BE54-9A1E7A4F7556}") = "WillsAutoBot.Market.Services.Test", "test\WillsAutoBot.Market.Services.Test\WillsAutoBot.Market.Services.Test.csproj", "{311434CC-3099-48D7-996D-4F22D7D98CE2}"
EndProject
Project("{9A19103F-16F7-4668-BE54-9A1E7A4F7556}") = "WillsAutoBot.Crypto.Services", "WillsAutoBot.Market.Services\WillsAutoBot.Crypto.Services.csproj", "{BD76B94A-1269-4E18-8F47-CE1515730209}"
EndProject
Project("{9A19103F-16F7-4668-BE54-9A1E7A4F7556}") = "WillsAutoBot.Settings", "WillsAutoBot.Settings\WillsAutoBot.Settings.csproj", "{10DFC343-DCB1-4988-83B3-000DB35AB95E}"
EndProject
Project("{9A19103F-16F7-4668-BE54-9A1E7A4F7556}") = "WillsAutoBot.Core", "WillsAutoBot.Core\WillsAutoBot.Core.csproj", "{DD7453A2-5141-4536-A2DA-9C7D4CCA311B}"
EndProject
Project("{2150E333-8FDC-42A3-9474-1A3956D46DE8}") = "src", "src", "{5F429F7D-24C4-4D9F-AC9E-52AE5A095EBD}"
EndProject
Project("{9A19103F-16F7-4668-BE54-9A1E7A4F7556}") = "WillsAutoBot.Crypto.Function", "WillsAutoBot.Crypto.Function\WillsAutoBot.Crypto.Function.csproj", "{B53432A9-1733-4996-AE3A-CAE23416760C}"
EndProject
Project("{2150E333-8FDC-42A3-9474-1A3956D46DE8}") = "_config", "_config", "{46BDE999-DE78-468A-AE77-CA675D4533FF}"
	ProjectSection(SolutionItems) = preProject
		_config\appsettings.shared.json = _config\appsettings.shared.json
	EndProjectSection
EndProject
Global
	GlobalSection(SolutionConfigurationPlatforms) = preSolution
		Debug|Any CPU = Debug|Any CPU
		Release|Any CPU = Release|Any CPU
	EndGlobalSection
	GlobalSection(ProjectConfigurationPlatforms) = postSolution
		{0E85131E-0C1F-4040-BFB8-00E08B76CC92}.Debug|Any CPU.ActiveCfg = Debug|Any CPU
		{0E85131E-0C1F-4040-BFB8-00E08B76CC92}.Debug|Any CPU.Build.0 = Debug|Any CPU
		{0E85131E-0C1F-4040-BFB8-00E08B76CC92}.Release|Any CPU.ActiveCfg = Release|Any CPU
		{0E85131E-0C1F-4040-BFB8-00E08B76CC92}.Release|Any CPU.Build.0 = Release|Any CPU
		{AC62FEAE-9854-4467-A810-F9015CE5C2D0}.Debug|Any CPU.ActiveCfg = Debug|Any CPU
		{AC62FEAE-9854-4467-A810-F9015CE5C2D0}.Debug|Any CPU.Build.0 = Debug|Any CPU
		{AC62FEAE-9854-4467-A810-F9015CE5C2D0}.Release|Any CPU.ActiveCfg = Release|Any CPU
		{AC62FEAE-9854-4467-A810-F9015CE5C2D0}.Release|Any CPU.Build.0 = Release|Any CPU
		{54F569AE-955E-4355-B202-218B02ED0C69}.Debug|Any CPU.ActiveCfg = Debug|Any CPU
		{54F569AE-955E-4355-B202-218B02ED0C69}.Debug|Any CPU.Build.0 = Debug|Any CPU
		{54F569AE-955E-4355-B202-218B02ED0C69}.Release|Any CPU.ActiveCfg = Release|Any CPU
		{54F569AE-955E-4355-B202-218B02ED0C69}.Release|Any CPU.Build.0 = Release|Any CPU
		{C40A2230-0140-49A8-9CF0-AFBA279CE606}.Debug|Any CPU.ActiveCfg = Debug|Any CPU
		{C40A2230-0140-49A8-9CF0-AFBA279CE606}.Debug|Any CPU.Build.0 = Debug|Any CPU
		{C40A2230-0140-49A8-9CF0-AFBA279CE606}.Release|Any CPU.ActiveCfg = Release|Any CPU
		{C40A2230-0140-49A8-9CF0-AFBA279CE606}.Release|Any CPU.Build.0 = Release|Any CPU
		{00CCE11D-173E-4686-8E46-B70319C99D00}.Debug|Any CPU.ActiveCfg = Debug|Any CPU
		{00CCE11D-173E-4686-8E46-B70319C99D00}.Debug|Any CPU.Build.0 = Debug|Any CPU
		{00CCE11D-173E-4686-8E46-B70319C99D00}.Release|Any CPU.ActiveCfg = Release|Any CPU
		{00CCE11D-173E-4686-8E46-B70319C99D00}.Release|Any CPU.Build.0 = Release|Any CPU
		{B9AD8346-D25A-45C0-8CF9-333DA95BFFCF}.Debug|Any CPU.ActiveCfg = Debug|Any CPU
		{B9AD8346-D25A-45C0-8CF9-333DA95BFFCF}.Debug|Any CPU.Build.0 = Debug|Any CPU
		{B9AD8346-D25A-45C0-8CF9-333DA95BFFCF}.Release|Any CPU.ActiveCfg = Release|Any CPU
		{B9AD8346-D25A-45C0-8CF9-333DA95BFFCF}.Release|Any CPU.Build.0 = Release|Any CPU
		{311434CC-3099-48D7-996D-4F22D7D98CE2}.Debug|Any CPU.ActiveCfg = Debug|Any CPU
		{311434CC-3099-48D7-996D-4F22D7D98CE2}.Debug|Any CPU.Build.0 = Debug|Any CPU
		{311434CC-3099-48D7-996D-4F22D7D98CE2}.Release|Any CPU.ActiveCfg = Release|Any CPU
		{311434CC-3099-48D7-996D-4F22D7D98CE2}.Release|Any CPU.Build.0 = Release|Any CPU
		{BD76B94A-1269-4E18-8F47-CE1515730209}.Debug|Any CPU.ActiveCfg = Debug|Any CPU
		{BD76B94A-1269-4E18-8F47-CE1515730209}.Debug|Any CPU.Build.0 = Debug|Any CPU
		{BD76B94A-1269-4E18-8F47-CE1515730209}.Release|Any CPU.ActiveCfg = Release|Any CPU
		{BD76B94A-1269-4E18-8F47-CE1515730209}.Release|Any CPU.Build.0 = Release|Any CPU
		{10DFC343-DCB1-4988-83B3-000DB35AB95E}.Debug|Any CPU.ActiveCfg = Debug|Any CPU
		{10DFC343-DCB1-4988-83B3-000DB35AB95E}.Debug|Any CPU.Build.0 = Debug|Any CPU
		{10DFC343-DCB1-4988-83B3-000DB35AB95E}.Release|Any CPU.ActiveCfg = Release|Any CPU
		{10DFC343-DCB1-4988-83B3-000DB35AB95E}.Release|Any CPU.Build.0 = Release|Any CPU
		{DD7453A2-5141-4536-A2DA-9C7D4CCA311B}.Debug|Any CPU.ActiveCfg = Debug|Any CPU
		{DD7453A2-5141-4536-A2DA-9C7D4CCA311B}.Debug|Any CPU.Build.0 = Debug|Any CPU
		{DD7453A2-5141-4536-A2DA-9C7D4CCA311B}.Release|Any CPU.ActiveCfg = Release|Any CPU
		{DD7453A2-5141-4536-A2DA-9C7D4CCA311B}.Release|Any CPU.Build.0 = Release|Any CPU
		{B53432A9-1733-4996-AE3A-CAE23416760C}.Debug|Any CPU.ActiveCfg = Debug|Any CPU
		{B53432A9-1733-4996-AE3A-CAE23416760C}.Debug|Any CPU.Build.0 = Debug|Any CPU
		{B53432A9-1733-4996-AE3A-CAE23416760C}.Release|Any CPU.ActiveCfg = Release|Any CPU
		{B53432A9-1733-4996-AE3A-CAE23416760C}.Release|Any CPU.Build.0 = Release|Any CPU
	EndGlobalSection
	GlobalSection(SolutionProperties) = preSolution
		HideSolutionNode = FALSE
	EndGlobalSection
	GlobalSection(NestedProjects) = preSolution
		{0E85131E-0C1F-4040-BFB8-00E08B76CC92} = {5F429F7D-24C4-4D9F-AC9E-52AE5A095EBD}
		{AC62FEAE-9854-4467-A810-F9015CE5C2D0} = {5F429F7D-24C4-4D9F-AC9E-52AE5A095EBD}
		{54F569AE-955E-4355-B202-218B02ED0C69} = {5F429F7D-24C4-4D9F-AC9E-52AE5A095EBD}
		{C40A2230-0140-49A8-9CF0-AFBA279CE606} = {5F429F7D-24C4-4D9F-AC9E-52AE5A095EBD}
		{00CCE11D-173E-4686-8E46-B70319C99D00} = {5F429F7D-24C4-4D9F-AC9E-52AE5A095EBD}
		{B9AD8346-D25A-45C0-8CF9-333DA95BFFCF} = {4D0C2A46-E18E-483A-9691-F765C2E6F9A7}
		{311434CC-3099-48D7-996D-4F22D7D98CE2} = {4D0C2A46-E18E-483A-9691-F765C2E6F9A7}
		{BD76B94A-1269-4E18-8F47-CE1515730209} = {5F429F7D-24C4-4D9F-AC9E-52AE5A095EBD}
		{10DFC343-DCB1-4988-83B3-000DB35AB95E} = {5F429F7D-24C4-4D9F-AC9E-52AE5A095EBD}
		{DD7453A2-5141-4536-A2DA-9C7D4CCA311B} = {5F429F7D-24C4-4D9F-AC9E-52AE5A095EBD}
		{B53432A9-1733-4996-AE3A-CAE23416760C} = {5F429F7D-24C4-4D9F-AC9E-52AE5A095EBD}
	EndGlobalSection
	GlobalSection(ExtensibilityGlobals) = postSolution
		SolutionGuid = {65831636-675F-41A6-89F4-400191832C44}
	EndGlobalSection
EndGlobal
